
Microsoft Visual Studio Solution File, Format Version 12.00
# Visual Studio Version 17
VisualStudioVersion = 17.1.32328.378
MinimumVisualStudioVersion = 10.0.40219.1
Project("{9A19103F-16F7-4668-BE54-9A1E7A4F7556}") = "ProgrammersDiary.Domain", "ProgrammersDiary.Domain\ProgrammersDiary.Domain.csproj", "{4507E4EB-7907-4219-913C-307F6EB9A5FD}"
EndProject
Project("{9A19103F-16F7-4668-BE54-9A1E7A4F7556}") = "ProgrammersDiary.Api", "ProgrammersDiary.Api\ProgrammersDiary.Api.csproj", "{EC251D22-B6D4-4C47-A462-2E66DDA4CD6B}"
EndProject
Project("{54A90642-561A-4BB1-A94E-469ADEE60C69}") = "ProgrammersDiary.frontEnd", "programmersdiary.FrontEnd\ProgrammersDiary.frontEnd.esproj", "{FEA6CBF8-8EE1-46FE-8D95-EE490989EA2A}"
EndProject
Project("{9A19103F-16F7-4668-BE54-9A1E7A4F7556}") = "ProgrammersDiary.Data", "ProgrammersDiary.Data\ProgrammersDiary.Data.csproj", "{4B9635D8-D31F-4012-9FCC-68B8FD691864}"
EndProject
Project("{FAE04EC0-301F-11D3-BF4B-00C04F79EFBC}") = "ProgrammersDiary.Identity", "ProgrammersDiary.Identity\ProgrammersDiary.Identity.csproj", "{5189062B-D296-4740-B20E-0D68A9AB6873}"
EndProject
Global
	GlobalSection(SolutionConfigurationPlatforms) = preSolution
		Debug|Any CPU = Debug|Any CPU
		Release|Any CPU = Release|Any CPU
	EndGlobalSection
	GlobalSection(ProjectConfigurationPlatforms) = postSolution
		{4507E4EB-7907-4219-913C-307F6EB9A5FD}.Debug|Any CPU.ActiveCfg = Debug|Any CPU
		{4507E4EB-7907-4219-913C-307F6EB9A5FD}.Debug|Any CPU.Build.0 = Debug|Any CPU
		{4507E4EB-7907-4219-913C-307F6EB9A5FD}.Release|Any CPU.ActiveCfg = Release|Any CPU
		{4507E4EB-7907-4219-913C-307F6EB9A5FD}.Release|Any CPU.Build.0 = Release|Any CPU
		{EC251D22-B6D4-4C47-A462-2E66DDA4CD6B}.Debug|Any CPU.ActiveCfg = Debug|Any CPU
		{EC251D22-B6D4-4C47-A462-2E66DDA4CD6B}.Debug|Any CPU.Build.0 = Debug|Any CPU
		{EC251D22-B6D4-4C47-A462-2E66DDA4CD6B}.Release|Any CPU.ActiveCfg = Release|Any CPU
		{EC251D22-B6D4-4C47-A462-2E66DDA4CD6B}.Release|Any CPU.Build.0 = Release|Any CPU
		{FEA6CBF8-8EE1-46FE-8D95-EE490989EA2A}.Debug|Any CPU.ActiveCfg = Debug|Any CPU
		{FEA6CBF8-8EE1-46FE-8D95-EE490989EA2A}.Debug|Any CPU.Build.0 = Debug|Any CPU
		{FEA6CBF8-8EE1-46FE-8D95-EE490989EA2A}.Debug|Any CPU.Deploy.0 = Debug|Any CPU
		{FEA6CBF8-8EE1-46FE-8D95-EE490989EA2A}.Release|Any CPU.ActiveCfg = Release|Any CPU
		{FEA6CBF8-8EE1-46FE-8D95-EE490989EA2A}.Release|Any CPU.Build.0 = Release|Any CPU
		{FEA6CBF8-8EE1-46FE-8D95-EE490989EA2A}.Release|Any CPU.Deploy.0 = Release|Any CPU
		{4B9635D8-D31F-4012-9FCC-68B8FD691864}.Debug|Any CPU.ActiveCfg = Debug|Any CPU
		{4B9635D8-D31F-4012-9FCC-68B8FD691864}.Debug|Any CPU.Build.0 = Debug|Any CPU
		{4B9635D8-D31F-4012-9FCC-68B8FD691864}.Release|Any CPU.ActiveCfg = Release|Any CPU
		{4B9635D8-D31F-4012-9FCC-68B8FD691864}.Release|Any CPU.Build.0 = Release|Any CPU
		{5189062B-D296-4740-B20E-0D68A9AB6873}.Debug|Any CPU.ActiveCfg = Debug|Any CPU
		{5189062B-D296-4740-B20E-0D68A9AB6873}.Debug|Any CPU.Build.0 = Debug|Any CPU
		{5189062B-D296-4740-B20E-0D68A9AB6873}.Release|Any CPU.ActiveCfg = Release|Any CPU
		{5189062B-D296-4740-B20E-0D68A9AB6873}.Release|Any CPU.Build.0 = Release|Any CPU
	EndGlobalSection
	GlobalSection(SolutionProperties) = preSolution
		HideSolutionNode = FALSE
	EndGlobalSection
	GlobalSection(ExtensibilityGlobals) = postSolution
		SolutionGuid = {5064DD3D-3380-420E-817C-2C479BF8D356}
	EndGlobalSection
EndGlobal
